
Microsoft Visual Studio Solution File, Format Version 12.00
# Visual Studio Version 17
VisualStudioVersion = 17.12.35527.113 d17.12
MinimumVisualStudioVersion = 10.0.40219.1
Project("{FAE04EC0-301F-11D3-BF4B-00C04F79EFBC}") = "QuickChatter.Client", "QuickChatter.Client\QuickChatter.Client.csproj", "{670E8ED5-7AC9-41DA-8AD6-FF946A753B0A}"
EndProject
Project("{FAE04EC0-301F-11D3-BF4B-00C04F79EFBC}") = "QuickChatter.Server", "QuickChatter.Server\QuickChatter.Server.csproj", "{6868162F-4C7A-487A-8E33-CEF9C57FDA1C}"
EndProject
Project("{FAE04EC0-301F-11D3-BF4B-00C04F79EFBC}") = "QuickChatter.Models", "QuickChatter.Models\QuickChatter.Models.csproj", "{F930C236-FA0E-4998-905D-BFA87387D94A}"
EndProject
Global
	GlobalSection(SolutionConfigurationPlatforms) = preSolution
		Debug|Any CPU = Debug|Any CPU
		Release|Any CPU = Release|Any CPU
	EndGlobalSection
	GlobalSection(ProjectConfigurationPlatforms) = postSolution
		{670E8ED5-7AC9-41DA-8AD6-FF946A753B0A}.Debug|Any CPU.ActiveCfg = Debug|Any CPU
		{670E8ED5-7AC9-41DA-8AD6-FF946A753B0A}.Debug|Any CPU.Build.0 = Debug|Any CPU
		{670E8ED5-7AC9-41DA-8AD6-FF946A753B0A}.Release|Any CPU.ActiveCfg = Release|Any CPU
		{670E8ED5-7AC9-41DA-8AD6-FF946A753B0A}.Release|Any CPU.Build.0 = Release|Any CPU
		{6868162F-4C7A-487A-8E33-CEF9C57FDA1C}.Debug|Any CPU.ActiveCfg = Debug|Any CPU
		{6868162F-4C7A-487A-8E33-CEF9C57FDA1C}.Debug|Any CPU.Build.0 = Debug|Any CPU
		{6868162F-4C7A-487A-8E33-CEF9C57FDA1C}.Release|Any CPU.ActiveCfg = Release|Any CPU
		{6868162F-4C7A-487A-8E33-CEF9C57FDA1C}.Release|Any CPU.Build.0 = Release|Any CPU
		{F930C236-FA0E-4998-905D-BFA87387D94A}.Debug|Any CPU.ActiveCfg = Debug|Any CPU
		{F930C236-FA0E-4998-905D-BFA87387D94A}.Debug|Any CPU.Build.0 = Debug|Any CPU
		{F930C236-FA0E-4998-905D-BFA87387D94A}.Release|Any CPU.ActiveCfg = Release|Any CPU
		{F930C236-FA0E-4998-905D-BFA87387D94A}.Release|Any CPU.Build.0 = Release|Any CPU
	EndGlobalSection
	GlobalSection(SolutionProperties) = preSolution
		HideSolutionNode = FALSE
	EndGlobalSection
EndGlobal
